{
  "name": "alpha-dapp",
  "version": "1.0.0",
  "lockfileVersion": 1,
  "requires": true,
  "dependencies": {
    "@ant-design/icons": {
      "version": "1.1.15",
      "resolved": "https://registry.npmjs.org/@ant-design/icons/-/icons-1.1.15.tgz",
      "integrity": "sha512-KwU8axLdaUGrhueLoiQm70ViP6jaYZVRohBxW5l8NTsmvp8Uj7iAlsVx+h0lpIcMzrsbEed4YX5QGLzlwHVbNw=="
    },
    "@ant-design/icons-react": {
      "version": "1.1.2",
      "resolved": "https://registry.npmjs.org/@ant-design/icons-